
Microsoft Visual Studio Solution File, Format Version 12.00
# Visual Studio Version 16
VisualStudioVersion = 16.0.30128.74
MinimumVisualStudioVersion = 10.0.40219.1
Project("{2150E333-8FDC-42A3-9474-1A3956D46DE8}") = "Solution Items", "Solution Items", "{26FE61FC-52F5-4091-84F6-2B8A77E0225F}"
	ProjectSection(SolutionItems) = preProject
		..\..\..\Desktop\Time--Limiter\Windows\helptext.info = ..\..\..\Desktop\Time--Limiter\Windows\helptext.info
		..\..\..\Downloads\time_limiter_icon_F1O_icon.ico = ..\..\..\Downloads\time_limiter_icon_F1O_icon.ico
	EndProjectSection
EndProject
Project("{FAE04EC0-301F-11D3-BF4B-00C04F79EFBC}") = "Time-Limiter", "Time-Limiter\Time-Limiter.csproj", "{06C4B356-08A5-4B96-ADDD-A1FE90D7F8B6}"
EndProject
Project("{54435603-DBB4-11D2-8724-00A0C9A8B90C}") = "Setup2", "Setup2\Setup2.vdproj", "{2225B486-C3C6-4D77-9D1D-96CE289C8308}"
EndProject
Global
	GlobalSection(SolutionConfigurationPlatforms) = preSolution
		Debug|Any CPU = Debug|Any CPU
		Release|Any CPU = Release|Any CPU
	EndGlobalSection
	GlobalSection(ProjectConfigurationPlatforms) = postSolution
		{06C4B356-08A5-4B96-ADDD-A1FE90D7F8B6}.Debug|Any CPU.ActiveCfg = Debug|Any CPU
		{06C4B356-08A5-4B96-ADDD-A1FE90D7F8B6}.Debug|Any CPU.Build.0 = Debug|Any CPU
		{06C4B356-08A5-4B96-ADDD-A1FE90D7F8B6}.Release|Any CPU.ActiveCfg = Release|Any CPU
		{06C4B356-08A5-4B96-ADDD-A1FE90D7F8B6}.Release|Any CPU.Build.0 = Release|Any CPU
		{2225B486-C3C6-4D77-9D1D-96CE289C8308}.Debug|Any CPU.ActiveCfg = Debug
		{2225B486-C3C6-4D77-9D1D-96CE289C8308}.Release|Any CPU.ActiveCfg = Release
	EndGlobalSection
	GlobalSection(SolutionProperties) = preSolution
		HideSolutionNode = FALSE
	EndGlobalSection
	GlobalSection(ExtensibilityGlobals) = postSolution
		SolutionGuid = {E171457B-44E2-48CB-8C15-45A8F833D199}
	EndGlobalSection
EndGlobal
